
Microsoft Visual Studio Solution File, Format Version 12.00
# Visual Studio Version 17
VisualStudioVersion = 17.0.31903.59
MinimumVisualStudioVersion = 10.0.40219.1
Project("{FAE04EC0-301F-11D3-BF4B-00C04F79EFBC}") = "HomeAuthomationAPI", "HomeAuthomationAPI\HomeAuthomationAPI.csproj", "{E486174D-0ACF-483B-A8BD-36E36D0CA568}"
EndProject
Project("{FAE04EC0-301F-11D3-BF4B-00C04F79EFBC}") = "HomeAutomationBlazor", "HomeAutomationBlazor\HomeAutomationBlazor.csproj", "{69C7F446-EB40-4CA9-AFF1-8E3AE5576A08}"
EndProject
Project("{FAE04EC0-301F-11D3-BF4B-00C04F79EFBC}") = "HomeAuthomationAPI.Tests", "HomeAuthomationAPI.Tests\HomeAuthomationAPI.Tests.csproj", "{998D7051-7DB9-4ECA-8DA1-503EE62BF43E}"
EndProject
Global
	GlobalSection(SolutionConfigurationPlatforms) = preSolution
		Debug|Any CPU = Debug|Any CPU
		Release|Any CPU = Release|Any CPU
	EndGlobalSection
	GlobalSection(SolutionProperties) = preSolution
		HideSolutionNode = FALSE
	EndGlobalSection
	GlobalSection(ProjectConfigurationPlatforms) = postSolution
		{E486174D-0ACF-483B-A8BD-36E36D0CA568}.Debug|Any CPU.ActiveCfg = Debug|Any CPU
		{E486174D-0ACF-483B-A8BD-36E36D0CA568}.Debug|Any CPU.Build.0 = Debug|Any CPU
		{E486174D-0ACF-483B-A8BD-36E36D0CA568}.Release|Any CPU.ActiveCfg = Release|Any CPU
		{E486174D-0ACF-483B-A8BD-36E36D0CA568}.Release|Any CPU.Build.0 = Release|Any CPU
		{69C7F446-EB40-4CA9-AFF1-8E3AE5576A08}.Debug|Any CPU.ActiveCfg = Debug|Any CPU
		{69C7F446-EB40-4CA9-AFF1-8E3AE5576A08}.Debug|Any CPU.Build.0 = Debug|Any CPU
		{69C7F446-EB40-4CA9-AFF1-8E3AE5576A08}.Release|Any CPU.ActiveCfg = Release|Any CPU
		{69C7F446-EB40-4CA9-AFF1-8E3AE5576A08}.Release|Any CPU.Build.0 = Release|Any CPU
		{998D7051-7DB9-4ECA-8DA1-503EE62BF43E}.Debug|Any CPU.ActiveCfg = Debug|Any CPU
		{998D7051-7DB9-4ECA-8DA1-503EE62BF43E}.Debug|Any CPU.Build.0 = Debug|Any CPU
		{998D7051-7DB9-4ECA-8DA1-503EE62BF43E}.Release|Any CPU.ActiveCfg = Release|Any CPU
		{998D7051-7DB9-4ECA-8DA1-503EE62BF43E}.Release|Any CPU.Build.0 = Release|Any CPU
	EndGlobalSection
EndGlobal
